// !$*UTF8*$!
{
	archiveVersion = 1;
	classes = {
	};
	objectVersion = 77;
	objects = {

/* Begin PBXContainerItemProxy section */
		8FCF90042DA0C35300F4C600 /* PBXContainerItemProxy */ = {
			isa = PBXContainerItemProxy;
			containerPortal = 8FCF8FEE2DA0C35200F4C600 /* Project object */;
			proxyType = 1;
			remoteGlobalIDString = 8FCF8FF52DA0C35200F4C600;
			remoteInfo = store;
		};
		8FCF900E2DA0C35300F4C600 /* PBXContainerItemProxy */ = {
			isa = PBXContainerItemProxy;
			containerPortal = 8FCF8FEE2DA0C35200F4C600 /* Project object */;
			proxyType = 1;
			remoteGlobalIDString = 8FCF8FF52DA0C35200F4C600;
			remoteInfo = store;
		};
/* End PBXContainerItemProxy section */

/* Begin PBXFileReference section */
		8FCF8FF62DA0C35200F4C600 /* store.app */ = {isa = PBXFileReference; explicitFileType = wrapper.application; includeInIndex = 0; path = store.app; sourceTree = BUILT_PRODUCTS_DIR; };
		8FCF90032DA0C35300F4C600 /* storeTests.xctest */ = {isa = PBXFileReference; explicitFileType = wrapper.cfbundle; includeInIndex = 0; path = storeTests.xctest; sourceTree = BUILT_PRODUCTS_DIR; };
		8FCF900D2DA0C35300F4C600 /* storeUITests.xctest */ = {isa = PBXFileReference; explicitFileType = wrapper.cfbundle; includeInIndex = 0; path = storeUITests.xctest; sourceTree = BUILT_PRODUCTS_DIR; };
/* End PBXFileReference section */

/* Begin PBXFileSystemSynchronizedBuildFileExceptionSet section */
		8F2275892DA30B73002848E1 /* Exceptions for "store" folder in "storeTests" target */ = {
			isa = PBXFileSystemSynchronizedBuildFileExceptionSet;
			membershipExceptions = (
				Models/Sneaker.swift,
				Models/SneakersResponse.swift,
				ViewModels/CartViewModel.swift,
				ViewModels/SneakerAPIService.swift,
				Views/SneakerCardView.swift,
			);
			target = 8FCF90022DA0C35300F4C600 /* storeTests */;
		};
		8F22758A2DA30B73002848E1 /* Exceptions for "store" folder in "storeUITests" target */ = {
			isa = PBXFileSystemSynchronizedBuildFileExceptionSet;
			membershipExceptions = (
				Models/Sneaker.swift,
				Models/SneakersResponse.swift,
				ViewModels/CartViewModel.swift,
				ViewModels/SneakerAPIService.swift,
				Views/SneakerCardView.swift,
			);
			target = 8FCF900C2DA0C35300F4C600 /* storeUITests */;
		};
/* End PBXFileSystemSynchronizedBuildFileExceptionSet section */

/* Begin PBXFileSystemSynchronizedRootGroup section */
		8FCF8FF82DA0C35200F4C600 /* store */ = {
			isa = PBXFileSystemSynchronizedRootGroup;
			exceptions = (
				8F2275892DA30B73002848E1 /* Exceptions for "store" folder in "storeTests" target */,
				8F22758A2DA30B73002848E1 /* Exceptions for "store" folder in "storeUITests" target */,
			);
			path = store;
			sourceTree = "<group>";
		};
		8FCF90062DA0C35300F4C600 /* storeTests */ = {
			isa = PBXFileSystemSynchronizedRootGroup;
			path = storeTests;
			sourceTree = "<group>";
		};
		8FCF90102DA0C35300F4C600 /* storeUITests */ = {
			isa = PBXFileSystemSynchronizedRootGroup;
			path = storeUITests;
			sourceTree = "<group>";
		};
/* End PBXFileSystemSynchronizedRootGroup section */

/* Begin PBXFrameworksBuildPhase section */
		8FCF8FF32DA0C35200F4C600 /* Frameworks */ = {
			isa = PBXFrameworksBuildPhase;
			buildActionMask = 2147483647;
			files = (
			);
			runOnlyForDeploymentPostprocessing = 0;
		};
		8FCF90002DA0C35300F4C600 /* Frameworks */ = {
			isa = PBXFrameworksBuildPhase;
			buildActionMask = 2147483647;
			files = (
			);
			runOnlyForDeploymentPostprocessing = 0;
		};
		8FCF900A2DA0C35300F4C600 /* Frameworks */ = {
			isa = PBXFrameworksBuildPhase;
			buildActionMask = 2147483647;
			files = (
			);
			runOnlyForDeploymentPostprocessing = 0;
		};
/* End PBXFrameworksBuildPhase section */

/* Begin PBXGroup section */
		8FCF8FED2DA0C35200F4C600 = {
			isa = PBXGroup;
			children = (
				8FCF8FF82DA0C35200F4C600 /* store */,
				8FCF90062DA0C35300F4C600 /* storeTests */,
				8FCF90102DA0C35300F4C600 /* storeUITests */,
				8FCF8FF72DA0C35200F4C600 /* Products */,
			);
			sourceTree = "<group>";
		};
		8FCF8FF72DA0C35200F4C600 /* Products */ = {
			isa = PBXGroup;
			children = (
				8FCF8FF62DA0C35200F4C600 /* store.app */,
				8FCF90032DA0C35300F4C600 /* storeTests.xctest */,
				8FCF900D2DA0C35300F4C600 /* storeUITests.xctest */,
			);
			name = Products;
			sourceTree = "<group>";
		};
/* End PBXGroup section */

/* Begin PBXNativeTarget section */
		8FCF8FF52DA0C35200F4C600 /* store */ = {
			isa = PBXNativeTarget;
			buildConfigurationList = 8FCF90172DA0C35300F4C600 /* Build configuration list for PBXNativeTarget "store" */;
			buildPhases = (
				8FCF8FF22DA0C35200F4C600 /* Sources */,
				8FCF8FF32DA0C35200F4C600 /* Frameworks */,
				8FCF8FF42DA0C35200F4C600 /* Resources */,
			);
			buildRules = (
			);
			dependencies = (
			);
			fileSystemSynchronizedGroups = (
				8FCF8FF82DA0C35200F4C600 /* store */,
			);
			name = store;
			packageProductDependencies = (
			);
			productName = store;
			productReference = 8FCF8FF62DA0C35200F4C600 /* store.app */;
			productType = "com.apple.product-type.application";
		};
		8FCF90022DA0C35300F4C600 /* storeTests */ = {
			isa = PBXNativeTarget;
			buildConfigurationList = 8FCF901A2DA0C35300F4C600 /* Build configuration list for PBXNativeTarget "storeTests" */;
			buildPhases = (
				8FCF8FFF2DA0C35300F4C600 /* Sources */,
				8FCF90002DA0C35300F4C600 /* Frameworks */,
				8FCF90012DA0C35300F4C600 /* Resources */,
			);
			buildRules = (
			);
			dependencies = (
				8FCF90052DA0C35300F4C600 /* PBXTargetDependency */,
			);
			fileSystemSynchronizedGroups = (
				8FCF90062DA0C35300F4C600 /* storeTests */,
			);
			name = storeTests;
			packageProductDependencies = (
			);
			productName = storeTests;
			productReference = 8FCF90032DA0C35300F4C600 /* storeTests.xctest */;
			productType = "com.apple.product-type.bundle.unit-test";
		};
		8FCF900C2DA0C35300F4C600 /* storeUITests */ = {
			isa = PBXNativeTarget;
			buildConfigurationList = 8FCF901D2DA0C35300F4C600 /* Build configuration list for PBXNativeTarget "storeUITests" */;
			buildPhases = (
				8FCF90092DA0C35300F4C600 /* Sources */,
				8FCF900A2DA0C35300F4C600 /* Frameworks */,
				8FCF900B2DA0C35300F4C600 /* Resources */,
			);
			buildRules = (
			);
			dependencies = (
				8FCF900F2DA0C35300F4C600 /* PBXTargetDependency */,
			);
			fileSystemSynchronizedGroups = (
				8FCF90102DA0C35300F4C600 /* storeUITests */,
			);
			name = storeUITests;
			packageProductDependencies = (
			);
			productName = storeUITests;
			productReference = 8FCF900D2DA0C35300F4C600 /* storeUITests.xctest */;
			productType = "com.apple.product-type.bundle.ui-testing";
		};
/* End PBXNativeTarget section */

/* Begin PBXProject section */
		8FCF8FEE2DA0C35200F4C600 /* Project object */ = {
			isa = PBXProject;
			attributes = {
				BuildIndependentTargetsInParallel = 1;
				LastSwiftUpdateCheck = 1630;
				LastUpgradeCheck = 1630;
				TargetAttributes = {
					8FCF8FF52DA0C35200F4C600 = {
						CreatedOnToolsVersion = 16.3;
					};
					8FCF90022DA0C35300F4C600 = {
						CreatedOnToolsVersion = 16.3;
						TestTargetID = 8FCF8FF52DA0C35200F4C600;
					};
					8FCF900C2DA0C35300F4C600 = {
						CreatedOnToolsVersion = 16.3;
						TestTargetID = 8FCF8FF52DA0C35200F4C600;
					};
				};
			};
			buildConfigurationList = 8FCF8FF12DA0C35200F4C600 /* Build configuration list for PBXProject "store" */;
			developmentRegion = en;
			hasScannedForEncodings = 0;
			knownRegions = (
				en,
				Base,
			);
			mainGroup = 8FCF8FED2DA0C35200F4C600;
			minimizedProjectReferenceProxies = 1;
			packageReferences = (
				8F2275992DA32BDA002848E1 /* XCRemoteSwiftPackageReference "ViewInspector" */,
			);
			preferredProjectObjectVersion = 77;
			productRefGroup = 8FCF8FF72DA0C35200F4C600 /* Products */;
			projectDirPath = "";
			projectRoot = "";
			targets = (
				8FCF8FF52DA0C35200F4C600 /* store */,
				8FCF90022DA0C35300F4C600 /* storeTests */,
				8FCF900C2DA0C35300F4C600 /* storeUITests */,
			);
		};
/* End PBXProject section */

/* Begin PBXResourcesBuildPhase section */
		8FCF8FF42DA0C35200F4C600 /* Resources */ = {
			isa = PBXResourcesBuildPhase;
			buildActionMask = 2147483647;
			files = (
			);
			runOnlyForDeploymentPostprocessing = 0;
		};
		8FCF90012DA0C35300F4C600 /* Resources */ = {
			isa = PBXResourcesBuildPhase;
			buildActionMask = 2147483647;
			files = (
			);
			runOnlyForDeploymentPostprocessing = 0;
		};
		8FCF900B2DA0C35300F4C600 /* Resources */ = {
			isa = PBXResourcesBuildPhase;
			buildActionMask = 2147483647;
			files = (
			);
			runOnlyForDeploymentPostprocessing = 0;
		};
/* End PBXResourcesBuildPhase section */

/* Begin PBXSourcesBuildPhase section */
		8FCF8FF22DA0C35200F4C600 /* Sources */ = {
			isa = PBXSourcesBuildPhase;
			buildActionMask = 2147483647;
			files = (
			);
			runOnlyForDeploymentPostprocessing = 0;
		};
		8FCF8FFF2DA0C35300F4C600 /* Sources */ = {
			isa = PBXSourcesBuildPhase;
			buildActionMask = 2147483647;
			files = (
			);
			runOnlyForDeploymentPostprocessing = 0;
		};
		8FCF90092DA0C35300F4C600 /* Sources */ = {
			isa = PBXSourcesBuildPhase;
			buildActionMask = 2147483647;
			files = (
			);
			runOnlyForDeploymentPostprocessing = 0;
		};
/* End PBXSourcesBuildPhase section */

/* Begin PBXTargetDependency section */
		8FCF90052DA0C35300F4C600 /* PBXTargetDependency */ = {
			isa = PBXTargetDependency;
			target = 8FCF8FF52DA0C35200F4C600 /* store */;
			targetProxy = 8FCF90042DA0C35300F4C600 /* PBXContainerItemProxy */;
		};
		8FCF900F2DA0C35300F4C600 /* PBXTargetDependency */ = {
			isa = PBXTargetDependency;
			target = 8FCF8FF52DA0C35200F4C600 /* store */;
			targetProxy = 8FCF900E2DA0C35300F4C600 /* PBXContainerItemProxy */;
		};
/* End PBXTargetDependency section */

/* Begin XCBuildConfiguration section */
		8FCF90152DA0C35300F4C600 /* Debug */ = {
			isa = XCBuildConfiguration;
			buildSettings = {
				ALWAYS_SEARCH_USER_PATHS = NO;
				ASSETCATALOG_COMPILER_GENERATE_SWIFT_ASSET_SYMBOL_EXTENSIONS = YES;
				CLANG_ANALYZER_NONNULL = YES;
				CLANG_ANALYZER_NUMBER_OBJECT_CONVERSION = YES_AGGRESSIVE;
				CLANG_CXX_LANGUAGE_STANDARD = "gnu++20";
				CLANG_ENABLE_MODULES = YES;
				CLANG_ENABLE_OBJC_ARC = YES;
				CLANG_ENABLE_OBJC_WEAK = YES;
				CLANG_WARN_BLOCK_CAPTURE_AUTORELEASING = YES;
				CLANG_WARN_BOOL_CONVERSION = YES;
				CLANG_WARN_COMMA = YES;
				CLANG_WARN_CONSTANT_CONVERSION = YES;
				CLANG_WARN_DEPRECATED_OBJC_IMPLEMENTATIONS = YES;
				CLANG_WARN_DIRECT_OBJC_ISA_USAGE = YES_ERROR;
				CLANG_WARN_DOCUMENTATION_COMMENTS = YES;
				CLANG_WARN_EMPTY_BODY = YES;
				CLANG_WARN_ENUM_CONVERSION = YES;
				CLANG_WARN_INFINITE_RECURSION = YES;
				CLANG_WARN_INT_CONVERSION = YES;
				CLANG_WARN_NON_LITERAL_NULL_CONVERSION = YES;
				CLANG_WARN_OBJC_IMPLICIT_RETAIN_SELF = YES;
				CLANG_WARN_OBJC_LITERAL_CONVERSION = YES;
				CLANG_WARN_OBJC_ROOT_CLASS = YES_ERROR;
				CLANG_WARN_QUOTED_INCLUDE_IN_FRAMEWORK_HEADER = YES;
				CLANG_WARN_RANGE_LOOP_ANALYSIS = YES;
				CLANG_WARN_STRICT_PROTOTYPES = YES;
				CLANG_WARN_SUSPICIOUS_MOVE = YES;
				CLANG_WARN_UNGUARDED_AVAILABILITY = YES_AGGRESSIVE;
				CLANG_WARN_UNREACHABLE_CODE = YES;
				CLANG_WARN__DUPLICATE_METHOD_MATCH = YES;
				COPY_PHASE_STRIP = NO;
				DEBUG_INFORMATION_FORMAT = dwarf;
				ENABLE_STRICT_OBJC_MSGSEND = YES;
				ENABLE_TESTABILITY = YES;
				ENABLE_USER_SCRIPT_SANDBOXING = YES;
				GCC_C_LANGUAGE_STANDARD = gnu17;
				GCC_DYNAMIC_NO_PIC = NO;
				GCC_NO_COMMON_BLOCKS = YES;
				GCC_OPTIMIZATION_LEVEL = 0;
				GCC_PREPROCESSOR_DEFINITIONS = (
					"DEBUG=1",
					"$(inherited)",
				);
				GCC_WARN_64_TO_32_BIT_CONVERSION = YES;
				GCC_WARN_ABOUT_RETURN_TYPE = YES_ERROR;
				GCC_WARN_UNDECLARED_SELECTOR = YES;
				GCC_WARN_UNINITIALIZED_AUTOS = YES_AGGRESSIVE;
				GCC_WARN_UNUSED_FUNCTION = YES;
				GCC_WARN_UNUSED_VARIABLE = YES;
				IPHONEOS_DEPLOYMENT_TARGET = 18.4;
				LOCALIZATION_PREFERS_STRING_CATALOGS = YES;
				MTL_ENABLE_DEBUG_INFO = INCLUDE_SOURCE;
				MTL_FAST_MATH = YES;
				ONLY_ACTIVE_ARCH = YES;
				SDKROOT = iphoneos;
				SWIFT_ACTIVE_COMPILATION_CONDITIONS = "DEBUG $(inherited)";
				SWIFT_OPTIMIZATION_LEVEL = "-Onone";
			};
			name = Debug;
		};
		8FCF90162DA0C35300F4C600 /* Release */ = {
			isa = XCBuildConfiguration;
			buildSettings = {
				ALWAYS_SEARCH_USER_PATHS = NO;
				ASSETCATALOG_COMPILER_GENERATE_SWIFT_ASSET_SYMBOL_EXTENSIONS = YES;
				CLANG_ANALYZER_NONNULL = YES;
				CLANG_ANALYZER_NUMBER_OBJECT_CONVERSION = YES_AGGRESSIVE;
				CLANG_CXX_LANGUAGE_STANDARD = "gnu++20";
				CLANG_ENABLE_MODULES = YES;
				CLANG_ENABLE_OBJC_ARC = YES;
				CLANG_ENABLE_OBJC_WEAK = YES;
				CLANG_WARN_BLOCK_CAPTURE_AUTORELEASING = YES;
				CLANG_WARN_BOOL_CONVERSION = YES;
				CLANG_WARN_COMMA = YES;
				CLANG_WARN_CONSTANT_CONVERSION = YES;
				CLANG_WARN_DEPRECATED_OBJC_IMPLEMENTATIONS = YES;
				CLANG_WARN_DIRECT_OBJC_ISA_USAGE = YES_ERROR;
				CLANG_WARN_DOCUMENTATION_COMMENTS = YES;
				CLANG_WARN_EMPTY_BODY = YES;
				CLANG_WARN_ENUM_CONVERSION = YES;
				CLANG_WARN_INFINITE_RECURSION = YES;
				CLANG_WARN_INT_CONVERSION = YES;
				CLANG_WARN_NON_LITERAL_NULL_CONVERSION = YES;
				CLANG_WARN_OBJC_IMPLICIT_RETAIN_SELF = YES;
				CLANG_WARN_OBJC_LITERAL_CONVERSION = YES;
				CLANG_WARN_OBJC_ROOT_CLASS = YES_ERROR;
				CLANG_WARN_QUOTED_INCLUDE_IN_FRAMEWORK_HEADER = YES;
				CLANG_WARN_RANGE_LOOP_ANALYSIS = YES;
				CLANG_WARN_STRICT_PROTOTYPES = YES;
				CLANG_WARN_SUSPICIOUS_MOVE = YES;
				CLANG_WARN_UNGUARDED_AVAILABILITY = YES_AGGRESSIVE;
				CLANG_WARN_UNREACHABLE_CODE = YES;
				CLANG_WARN__DUPLICATE_METHOD_MATCH = YES;
				COPY_PHASE_STRIP = NO;
				DEBUG_INFORMATION_FORMAT = "dwarf-with-dsym";
				ENABLE_NS_ASSERTIONS = NO;
				ENABLE_STRICT_OBJC_MSGSEND = YES;
				ENABLE_USER_SCRIPT_SANDBOXING = YES;
				GCC_C_LANGUAGE_STANDARD = gnu17;
				GCC_NO_COMMON_BLOCKS = YES;
				GCC_WARN_64_TO_32_BIT_CONVERSION = YES;
				GCC_WARN_ABOUT_RETURN_TYPE = YES_ERROR;
				GCC_WARN_UNDECLARED_SELECTOR = YES;
				GCC_WARN_UNINITIALIZED_AUTOS = YES_AGGRESSIVE;
				GCC_WARN_UNUSED_FUNCTION = YES;
				GCC_WARN_UNUSED_VARIABLE = YES;
				IPHONEOS_DEPLOYMENT_TARGET = 18.4;
				LOCALIZATION_PREFERS_STRING_CATALOGS = YES;
				MTL_ENABLE_DEBUG_INFO = NO;
				MTL_FAST_MATH = YES;
				SDKROOT = iphoneos;
				SWIFT_COMPILATION_MODE = wholemodule;
				VALIDATE_PRODUCT = YES;
			};
			name = Release;
		};
		8FCF90182DA0C35300F4C600 /* Debug */ = {
			isa = XCBuildConfiguration;
			buildSettings = {
				ASSETCATALOG_COMPILER_APPICON_NAME = AppIcon;
				ASSETCATALOG_COMPILER_GLOBAL_ACCENT_COLOR_NAME = AccentColor;
				CODE_SIGN_STYLE = Automatic;
				CURRENT_PROJECT_VERSION = 1;
				ENABLE_PREVIEWS = YES;
				GENERATE_INFOPLIST_FILE = YES;
				INFOPLIST_KEY_UIApplicationSceneManifest_Generation = YES;
				INFOPLIST_KEY_UIApplicationSupportsIndirectInputEvents = YES;
				INFOPLIST_KEY_UILaunchScreen_Generation = YES;
				INFOPLIST_KEY_UISupportedInterfaceOrientations_iPad = "UIInterfaceOrientationPortrait UIInterfaceOrientationPortraitUpsideDown UIInterfaceOrientationLandscapeLeft UIInterfaceOrientationLandscapeRight";
				INFOPLIST_KEY_UISupportedInterfaceOrientations_iPhone = "UIInterfaceOrientationPortrait UIInterfaceOrientationLandscapeLeft UIInterfaceOrientationLandscapeRight";
				LD_RUNPATH_SEARCH_PATHS = (
					"$(inherited)",
					"@executable_path/Frameworks",
				);
				MARKETING_VERSION = 1.0;
				PRODUCT_BUNDLE_IDENTIFIER = test.store;
				PRODUCT_NAME = "$(TARGET_NAME)";
				SWIFT_EMIT_LOC_STRINGS = YES;
				SWIFT_VERSION = 5.0;
				TARGETED_DEVICE_FAMILY = "1,2";
			};
			name = Debug;
		};
		8FCF90192DA0C35300F4C600 /* Release */ = {
			isa = XCBuildConfiguration;
			buildSettings = {
				ASSETCATALOG_COMPILER_APPICON_NAME = AppIcon;
				ASSETCATALOG_COMPILER_GLOBAL_ACCENT_COLOR_NAME = AccentColor;
				CODE_SIGN_STYLE = Automatic;
				CURRENT_PROJECT_VERSION = 1;
				ENABLE_PREVIEWS = YES;
				GENERATE_INFOPLIST_FILE = YES;
				INFOPLIST_KEY_UIApplicationSceneManifest_Generation = YES;
				INFOPLIST_KEY_UIApplicationSupportsIndirectInputEvents = YES;
				INFOPLIST_KEY_UILaunchScreen_Generation = YES;
				INFOPLIST_KEY_UISupportedInterfaceOrientations_iPad = "UIInterfaceOrientationPortrait UIInterfaceOrientationPortraitUpsideDown UIInterfaceOrientationLandscapeLeft UIInterfaceOrientationLandscapeRight";
				INFOPLIST_KEY_UISupportedInterfaceOrientations_iPhone = "UIInterfaceOrientationPortrait UIInterfaceOrientationLandscapeLeft UIInterfaceOrientationLandscapeRight";
				LD_RUNPATH_SEARCH_PATHS = (
					"$(inherited)",
					"@executable_path/Frameworks",
				);
				MARKETING_VERSION = 1.0;
				PRODUCT_BUNDLE_IDENTIFIER = test.store;
				PRODUCT_NAME = "$(TARGET_NAME)";
				SWIFT_EMIT_LOC_STRINGS = YES;
				SWIFT_VERSION = 5.0;
				TARGETED_DEVICE_FAMILY = "1,2";
			};
			name = Release;
		};
		8FCF901B2DA0C35300F4C600 /* Debug */ = {
			isa = XCBuildConfiguration;
			buildSettings = {
				BUNDLE_LOADER = "$(TEST_HOST)";
				CODE_SIGN_STYLE = Automatic;
				CURRENT_PROJECT_VERSION = 1;
				GENERATE_INFOPLIST_FILE = YES;
				IPHONEOS_DEPLOYMENT_TARGET = 18.4;
				MARKETING_VERSION = 1.0;
				PRODUCT_BUNDLE_IDENTIFIER = test.storeTests;
				PRODUCT_NAME = "$(TARGET_NAME)";
				SWIFT_EMIT_LOC_STRINGS = NO;
				SWIFT_VERSION = 5.0;
				TARGETED_DEVICE_FAMILY = "1,2";
				TEST_HOST = "$(BUILT_PRODUCTS_DIR)/store.app/$(BUNDLE_EXECUTABLE_FOLDER_PATH)/store";
			};
			name = Debug;
		};
		8FCF901C2DA0C35300F4C600 /* Release */ = {
			isa = XCBuildConfiguration;
			buildSettings = {
				BUNDLE_LOADER = "$(TEST_HOST)";
				CODE_SIGN_STYLE = Automatic;
				CURRENT_PROJECT_VERSION = 1;
				GENERATE_INFOPLIST_FILE = YES;
				IPHONEOS_DEPLOYMENT_TARGET = 18.4;
				MARKETING_VERSION = 1.0;
				PRODUCT_BUNDLE_IDENTIFIER = test.storeTests;
				PRODUCT_NAME = "$(TARGET_NAME)";
				SWIFT_EMIT_LOC_STRINGS = NO;
				SWIFT_VERSION = 5.0;
				TARGETED_DEVICE_FAMILY = "1,2";
				TEST_HOST = "$(BUILT_PRODUCTS_DIR)/store.app/$(BUNDLE_EXECUTABLE_FOLDER_PATH)/store";
			};
			name = Release;
		};
		8FCF901E2DA0C35300F4C600 /* Debug */ = {
			isa = XCBuildConfiguration;
			buildSettings = {
				CODE_SIGN_STYLE = Automatic;
				CURRENT_PROJECT_VERSION = 1;
				GENERATE_INFOPLIST_FILE = YES;
				MARKETING_VERSION = 1.0;
				PRODUCT_BUNDLE_IDENTIFIER = test.storeUITests;
				PRODUCT_NAME = "$(TARGET_NAME)";
				SWIFT_EMIT_LOC_STRINGS = NO;
				SWIFT_VERSION = 5.0;
				TARGETED_DEVICE_FAMILY = "1,2";
				TEST_TARGET_NAME = store;
			};
			name = Debug;
		};
		8FCF901F2DA0C35300F4C600 /* Release */ = {
			isa = XCBuildConfiguration;
			buildSettings = {
				CODE_SIGN_STYLE = Automatic;
				CURRENT_PROJECT_VERSION = 1;
				GENERATE_INFOPLIST_FILE = YES;
				MARKETING_VERSION = 1.0;
				PRODUCT_BUNDLE_IDENTIFIER = test.storeUITests;
				PRODUCT_NAME = "$(TARGET_NAME)";
				SWIFT_EMIT_LOC_STRINGS = NO;
				SWIFT_VERSION = 5.0;
				TARGETED_DEVICE_FAMILY = "1,2";
				TEST_TARGET_NAME = store;
			};
			name = Release;
		};
/* End XCBuildConfiguration section */

/* Begin XCConfigurationList section */
		8FCF8FF12DA0C35200F4C600 /* Build configuration list for PBXProject "store" */ = {
			isa = XCConfigurationList;
			buildConfigurations = (
				8FCF90152DA0C35300F4C600 /* Debug */,
				8FCF90162DA0C35300F4C600 /* Release */,
			);
			defaultConfigurationIsVisible = 0;
			defaultConfigurationName = Release;
		};
		8FCF90172DA0C35300F4C600 /* Build configuration list for PBXNativeTarget "store" */ = {
			isa = XCConfigurationList;
			buildConfigurations = (
				8FCF90182DA0C35300F4C600 /* Debug */,
				8FCF90192DA0C35300F4C600 /* Release */,
			);
			defaultConfigurationIsVisible = 0;
			defaultConfigurationName = Release;
		};
		8FCF901A2DA0C35300F4C600 /* Build configuration list for PBXNativeTarget "storeTests" */ = {
			isa = XCConfigurationList;
			buildConfigurations = (
				8FCF901B2DA0C35300F4C600 /* Debug */,
				8FCF901C2DA0C35300F4C600 /* Release */,
			);
			defaultConfigurationIsVisible = 0;
			defaultConfigurationName = Release;
		};
		8FCF901D2DA0C35300F4C600 /* Build configuration list for PBXNativeTarget "storeUITests" */ = {
			isa = XCConfigurationList;
			buildConfigurations = (
				8FCF901E2DA0C35300F4C600 /* Debug */,
				8FCF901F2DA0C35300F4C600 /* Release */,
			);
			defaultConfigurationIsVisible = 0;
			defaultConfigurationName = Release;
		};
/* End XCConfigurationList section */

/* Begin XCRemoteSwiftPackageReference section */
		8F2275992DA32BDA002848E1 /* XCRemoteSwiftPackageReference "ViewInspector" */ = {
			isa = XCRemoteSwiftPackageReference;
			repositoryURL = "https://github.com/nalexn/ViewInspector";
			requirement = {
				kind = upToNextMajorVersion;
				minimumVersion = 0.10.1;
			};
		};
/* End XCRemoteSwiftPackageReference section */
	};
	rootObject = 8FCF8FEE2DA0C35200F4C600 /* Project object */;
}
